{
  "name": "bamazon",
  "version": "1.0.0",
  "description": "A CLI-based storefront with the MySQL database backend.",
  "main": "bamazonCustomer.js",
  "scripts": {
    "test": "echo \"Error: no test specified\" && exit 1"
  },
  "repository": {
    "type": "git",
    "url": "git@github.com:mafner/bamazon.git"
  },
  "keywords": [
    "storefront",
    "CLI-storefront",
    "store"
  ],
  "author": "Matt Hefner",
  "license": "ISC",
  "bugs": {
    "url": " https://mafner.github.io/bamazon/"
  },
  "homepage": " https://mafner.github.io/bamazon/",
  "dependencies": {
    "inquirer": "^3.0.6",
    "mysql": "^2.13.0"
  }
}